
Microsoft Visual Studio Solution File, Format Version 12.00
# Visual Studio Version 17
VisualStudioVersion = 17.9.34714.143
MinimumVisualStudioVersion = 10.0.40219.1
Project("{2150E333-8FDC-42A3-9474-1A3956D46DE8}") = "Examples", "Examples", "{D4912921-9691-44C9-A182-32217FD5BF45}"
EndProject
Project("{2150E333-8FDC-42A3-9474-1A3956D46DE8}") = "FraudDetection", "FraudDetection", "{D875D1CD-4A73-4509-8228-444B85F6C6E7}"
EndProject
Project("{9A19103F-16F7-4668-BE54-9A1E7A4F7556}") = "GrainAuger.Examples.FraudDetection.WebApi", "Examples\FraudDetection\GrainAuger.Examples.FraudDetection.WebApi\GrainAuger.Examples.FraudDetection.WebApi.csproj", "{57F6207B-C1A5-4A6F-9189-21E62D8EC929}"
EndProject
Project("{9A19103F-16F7-4668-BE54-9A1E7A4F7556}") = "GrainAuger.SourceGenerator", "GrainAuger.SourceGenerator\GrainAuger.SourceGenerator.csproj", "{4A862667-D910-4348-A702-97C25851FEA2}"
EndProject
Project("{FAE04EC0-301F-11D3-BF4B-00C04F79EFBC}") = "GrainAuger.Abstractions", "GrainAuger.Abstractions\GrainAuger.Abstractions.csproj", "{D0852877-7DC5-4BC2-BD8E-400858903136}"
EndProject
Project("{2150E333-8FDC-42A3-9474-1A3956D46DE8}") = "test", "test", "{09EC927A-1A87-49AA-9AD0-DCEE6AC6E023}"
EndProject
Project("{FAE04EC0-301F-11D3-BF4B-00C04F79EFBC}") = "GrainAuger.SourceGenerator.Tests", "test\GrainAuger.SourceGenerator.Tests\GrainAuger.SourceGenerator.Tests.csproj", "{64A46E04-ACF3-44AE-B8AA-3DD90C28CF03}"
EndProject
Project("{FAE04EC0-301F-11D3-BF4B-00C04F79EFBC}") = "GrainAuger.LoadBalancers", "GrainAuger.LoadBalancers\GrainAuger.LoadBalancers.csproj", "{1BFB22D6-6834-4705-968D-A753190F86FE}"
EndProject
Project("{FAE04EC0-301F-11D3-BF4B-00C04F79EFBC}") = "GrainAuger.Core", "GrainAuger.Core\GrainAuger.Core.csproj", "{F24A0ABA-3E44-4321-87A0-90C1BF7458B5}"
EndProject
Project("{2150E333-8FDC-42A3-9474-1A3956D46DE8}") = "WordCount", "WordCount", "{DC5C3A57-60D2-499A-B3BB-A07F84023451}"
EndProject
Project("{FAE04EC0-301F-11D3-BF4B-00C04F79EFBC}") = "WordCount", "Examples\WordCount\WordCount.csproj", "{8613E8C5-E25F-423E-A062-38FD327DE739}"
EndProject
Project("{FAE04EC0-301F-11D3-BF4B-00C04F79EFBC}") = "GrainAuger", "GrainAuger\GrainAuger.csproj", "{FADC17AA-4BAD-4CC9-9B3E-7C0C2935B276}"
EndProject
Project("{2150E333-8FDC-42A3-9474-1A3956D46DE8}") = "benchmarks", "benchmarks", "{BB9DEF98-8801-44A5-A179-4B3E1073F261}"
EndProject
Project("{FAE04EC0-301F-11D3-BF4B-00C04F79EFBC}") = "GrainAuger.Benchmarks", "GrainAuger.Benchmarks\GrainAuger.Benchmarks.csproj", "{E0A96357-3266-4DDB-B73E-6B0237D00BA5}"
EndProject
Project("{FAE04EC0-301F-11D3-BF4B-00C04F79EFBC}") = "GrainAuger.ParallelKeysBenchmark", "GrainAuger.ParallelKeysBenchmark\GrainAuger.ParallelKeysBenchmark.csproj", "{25804066-612A-468B-B8A3-758C2932992A}"
EndProject
Global
	GlobalSection(SolutionConfigurationPlatforms) = preSolution
		Debug|Any CPU = Debug|Any CPU
		Release|Any CPU = Release|Any CPU
	EndGlobalSection
	GlobalSection(ProjectConfigurationPlatforms) = postSolution
		{57F6207B-C1A5-4A6F-9189-21E62D8EC929}.Debug|Any CPU.ActiveCfg = Debug|Any CPU
		{57F6207B-C1A5-4A6F-9189-21E62D8EC929}.Debug|Any CPU.Build.0 = Debug|Any CPU
		{57F6207B-C1A5-4A6F-9189-21E62D8EC929}.Release|Any CPU.ActiveCfg = Release|Any CPU
		{57F6207B-C1A5-4A6F-9189-21E62D8EC929}.Release|Any CPU.Build.0 = Release|Any CPU
		{4A862667-D910-4348-A702-97C25851FEA2}.Debug|Any CPU.ActiveCfg = Debug|Any CPU
		{4A862667-D910-4348-A702-97C25851FEA2}.Debug|Any CPU.Build.0 = Debug|Any CPU
		{4A862667-D910-4348-A702-97C25851FEA2}.Release|Any CPU.ActiveCfg = Release|Any CPU
		{4A862667-D910-4348-A702-97C25851FEA2}.Release|Any CPU.Build.0 = Release|Any CPU
		{D0852877-7DC5-4BC2-BD8E-400858903136}.Debug|Any CPU.ActiveCfg = Debug|Any CPU
		{D0852877-7DC5-4BC2-BD8E-400858903136}.Debug|Any CPU.Build.0 = Debug|Any CPU
		{D0852877-7DC5-4BC2-BD8E-400858903136}.Release|Any CPU.ActiveCfg = Release|Any CPU
		{D0852877-7DC5-4BC2-BD8E-400858903136}.Release|Any CPU.Build.0 = Release|Any CPU
		{64A46E04-ACF3-44AE-B8AA-3DD90C28CF03}.Debug|Any CPU.ActiveCfg = Debug|Any CPU
		{64A46E04-ACF3-44AE-B8AA-3DD90C28CF03}.Debug|Any CPU.Build.0 = Debug|Any CPU
		{64A46E04-ACF3-44AE-B8AA-3DD90C28CF03}.Release|Any CPU.ActiveCfg = Release|Any CPU
		{64A46E04-ACF3-44AE-B8AA-3DD90C28CF03}.Release|Any CPU.Build.0 = Release|Any CPU
		{1BFB22D6-6834-4705-968D-A753190F86FE}.Debug|Any CPU.ActiveCfg = Debug|Any CPU
		{1BFB22D6-6834-4705-968D-A753190F86FE}.Debug|Any CPU.Build.0 = Debug|Any CPU
		{1BFB22D6-6834-4705-968D-A753190F86FE}.Release|Any CPU.ActiveCfg = Release|Any CPU
		{1BFB22D6-6834-4705-968D-A753190F86FE}.Release|Any CPU.Build.0 = Release|Any CPU
		{F24A0ABA-3E44-4321-87A0-90C1BF7458B5}.Debug|Any CPU.ActiveCfg = Debug|Any CPU
		{F24A0ABA-3E44-4321-87A0-90C1BF7458B5}.Debug|Any CPU.Build.0 = Debug|Any CPU
		{F24A0ABA-3E44-4321-87A0-90C1BF7458B5}.Release|Any CPU.ActiveCfg = Release|Any CPU
		{F24A0ABA-3E44-4321-87A0-90C1BF7458B5}.Release|Any CPU.Build.0 = Release|Any CPU
		{8613E8C5-E25F-423E-A062-38FD327DE739}.Debug|Any CPU.ActiveCfg = Debug|Any CPU
		{8613E8C5-E25F-423E-A062-38FD327DE739}.Debug|Any CPU.Build.0 = Debug|Any CPU
		{8613E8C5-E25F-423E-A062-38FD327DE739}.Release|Any CPU.ActiveCfg = Release|Any CPU
		{8613E8C5-E25F-423E-A062-38FD327DE739}.Release|Any CPU.Build.0 = Release|Any CPU
		{FADC17AA-4BAD-4CC9-9B3E-7C0C2935B276}.Debug|Any CPU.ActiveCfg = Debug|Any CPU
		{FADC17AA-4BAD-4CC9-9B3E-7C0C2935B276}.Debug|Any CPU.Build.0 = Debug|Any CPU
		{FADC17AA-4BAD-4CC9-9B3E-7C0C2935B276}.Release|Any CPU.ActiveCfg = Release|Any CPU
		{FADC17AA-4BAD-4CC9-9B3E-7C0C2935B276}.Release|Any CPU.Build.0 = Release|Any CPU
		{E0A96357-3266-4DDB-B73E-6B0237D00BA5}.Debug|Any CPU.ActiveCfg = Debug|Any CPU
		{E0A96357-3266-4DDB-B73E-6B0237D00BA5}.Debug|Any CPU.Build.0 = Debug|Any CPU
		{E0A96357-3266-4DDB-B73E-6B0237D00BA5}.Release|Any CPU.ActiveCfg = Release|Any CPU
		{E0A96357-3266-4DDB-B73E-6B0237D00BA5}.Release|Any CPU.Build.0 = Release|Any CPU
		{25804066-612A-468B-B8A3-758C2932992A}.Debug|Any CPU.ActiveCfg = Debug|Any CPU
		{25804066-612A-468B-B8A3-758C2932992A}.Debug|Any CPU.Build.0 = Debug|Any CPU
		{25804066-612A-468B-B8A3-758C2932992A}.Release|Any CPU.ActiveCfg = Release|Any CPU
		{25804066-612A-468B-B8A3-758C2932992A}.Release|Any CPU.Build.0 = Release|Any CPU
	EndGlobalSection
	GlobalSection(SolutionProperties) = preSolution
		HideSolutionNode = FALSE
	EndGlobalSection
	GlobalSection(NestedProjects) = preSolution
		{D875D1CD-4A73-4509-8228-444B85F6C6E7} = {D4912921-9691-44C9-A182-32217FD5BF45}
		{57F6207B-C1A5-4A6F-9189-21E62D8EC929} = {D875D1CD-4A73-4509-8228-444B85F6C6E7}
		{64A46E04-ACF3-44AE-B8AA-3DD90C28CF03} = {09EC927A-1A87-49AA-9AD0-DCEE6AC6E023}
		{DC5C3A57-60D2-499A-B3BB-A07F84023451} = {D4912921-9691-44C9-A182-32217FD5BF45}
		{8613E8C5-E25F-423E-A062-38FD327DE739} = {DC5C3A57-60D2-499A-B3BB-A07F84023451}
		{E0A96357-3266-4DDB-B73E-6B0237D00BA5} = {BB9DEF98-8801-44A5-A179-4B3E1073F261}
		{25804066-612A-468B-B8A3-758C2932992A} = {BB9DEF98-8801-44A5-A179-4B3E1073F261}
	EndGlobalSection
	GlobalSection(ExtensibilityGlobals) = postSolution
		SolutionGuid = {40EF1F84-B661-455B-B88E-D45C8EA8F568}
	EndGlobalSection
EndGlobal
