
Microsoft Visual Studio Solution File, Format Version 12.00
Project("{2150E333-8FDC-42A3-9474-1A3956D46DE8}") = "Examples", "Examples", "{D4912921-9691-44C9-A182-32217FD5BF45}"
EndProject
Project("{FAE04EC0-301F-11D3-BF4B-00C04F79EFBC}") = "GrainAuger.Examples.Abstractions", "Examples\GrainAuger.Examples.Abstractions\GrainAuger.Examples.Abstractions.csproj", "{805B3921-C227-4F0B-A82F-54585BD6DB78}"
EndProject
Project("{FAE04EC0-301F-11D3-BF4B-00C04F79EFBC}") = "GrainAuger.Examples.Grains", "Examples\GrainAuger.Examples.Grains\GrainAuger.Examples.Grains.csproj", "{EB7355E1-FCF3-4332-952F-AD0CA6CF3B40}"
EndProject
Project("{FAE04EC0-301F-11D3-BF4B-00C04F79EFBC}") = "GrainAuger.Examples.WebApi", "Examples\GrainAuger.Examples.WebApi\GrainAuger.Examples.WebApi.csproj", "{168BB54D-6A23-4B83-9EC1-864500140D45}"
EndProject
Project("{2150E333-8FDC-42A3-9474-1A3956D46DE8}") = "CodeGen", "CodeGen", "{131C6177-A08B-43A8-93AA-A8D1C5AAF48D}"
EndProject
Project("{FAE04EC0-301F-11D3-BF4B-00C04F79EFBC}") = "SourceGenerators", "Examples\CodeGen\SourceGenerators\SourceGenerators\SourceGenerators.csproj", "{58F002D4-BA42-4F7D-8513-B90E9D17147B}"
EndProject
Project("{FAE04EC0-301F-11D3-BF4B-00C04F79EFBC}") = "SourceGenerators.Sample", "Examples\CodeGen\SourceGenerators\SourceGenerators.Sample\SourceGenerators.Sample.csproj", "{3DDAD323-A8D0-408F-A6B3-032E7F40DE89}"
EndProject
Project("{FAE04EC0-301F-11D3-BF4B-00C04F79EFBC}") = "SourceGenerators.Tests", "Examples\CodeGen\SourceGenerators\SourceGenerators.Tests\SourceGenerators.Tests.csproj", "{4C15D41C-2BA9-4FBD-B814-99B12D4F4F9D}"
EndProject
Global
	GlobalSection(SolutionConfigurationPlatforms) = preSolution
		Debug|Any CPU = Debug|Any CPU
		Release|Any CPU = Release|Any CPU
	EndGlobalSection
	GlobalSection(NestedProjects) = preSolution
		{805B3921-C227-4F0B-A82F-54585BD6DB78} = {D4912921-9691-44C9-A182-32217FD5BF45}
		{EB7355E1-FCF3-4332-952F-AD0CA6CF3B40} = {D4912921-9691-44C9-A182-32217FD5BF45}
		{168BB54D-6A23-4B83-9EC1-864500140D45} = {D4912921-9691-44C9-A182-32217FD5BF45}
		{131C6177-A08B-43A8-93AA-A8D1C5AAF48D} = {D4912921-9691-44C9-A182-32217FD5BF45}
		{58F002D4-BA42-4F7D-8513-B90E9D17147B} = {131C6177-A08B-43A8-93AA-A8D1C5AAF48D}
		{3DDAD323-A8D0-408F-A6B3-032E7F40DE89} = {131C6177-A08B-43A8-93AA-A8D1C5AAF48D}
		{4C15D41C-2BA9-4FBD-B814-99B12D4F4F9D} = {131C6177-A08B-43A8-93AA-A8D1C5AAF48D}
	EndGlobalSection
	GlobalSection(ProjectConfigurationPlatforms) = postSolution
		{805B3921-C227-4F0B-A82F-54585BD6DB78}.Debug|Any CPU.ActiveCfg = Debug|Any CPU
		{805B3921-C227-4F0B-A82F-54585BD6DB78}.Debug|Any CPU.Build.0 = Debug|Any CPU
		{805B3921-C227-4F0B-A82F-54585BD6DB78}.Release|Any CPU.ActiveCfg = Release|Any CPU
		{805B3921-C227-4F0B-A82F-54585BD6DB78}.Release|Any CPU.Build.0 = Release|Any CPU
		{EB7355E1-FCF3-4332-952F-AD0CA6CF3B40}.Debug|Any CPU.ActiveCfg = Debug|Any CPU
		{EB7355E1-FCF3-4332-952F-AD0CA6CF3B40}.Debug|Any CPU.Build.0 = Debug|Any CPU
		{EB7355E1-FCF3-4332-952F-AD0CA6CF3B40}.Release|Any CPU.ActiveCfg = Release|Any CPU
		{EB7355E1-FCF3-4332-952F-AD0CA6CF3B40}.Release|Any CPU.Build.0 = Release|Any CPU
		{168BB54D-6A23-4B83-9EC1-864500140D45}.Debug|Any CPU.ActiveCfg = Debug|Any CPU
		{168BB54D-6A23-4B83-9EC1-864500140D45}.Debug|Any CPU.Build.0 = Debug|Any CPU
		{168BB54D-6A23-4B83-9EC1-864500140D45}.Release|Any CPU.ActiveCfg = Release|Any CPU
		{168BB54D-6A23-4B83-9EC1-864500140D45}.Release|Any CPU.Build.0 = Release|Any CPU
		{58F002D4-BA42-4F7D-8513-B90E9D17147B}.Debug|Any CPU.ActiveCfg = Debug|Any CPU
		{58F002D4-BA42-4F7D-8513-B90E9D17147B}.Debug|Any CPU.Build.0 = Debug|Any CPU
		{58F002D4-BA42-4F7D-8513-B90E9D17147B}.Release|Any CPU.ActiveCfg = Release|Any CPU
		{58F002D4-BA42-4F7D-8513-B90E9D17147B}.Release|Any CPU.Build.0 = Release|Any CPU
		{3DDAD323-A8D0-408F-A6B3-032E7F40DE89}.Debug|Any CPU.ActiveCfg = Debug|Any CPU
		{3DDAD323-A8D0-408F-A6B3-032E7F40DE89}.Debug|Any CPU.Build.0 = Debug|Any CPU
		{3DDAD323-A8D0-408F-A6B3-032E7F40DE89}.Release|Any CPU.ActiveCfg = Release|Any CPU
		{3DDAD323-A8D0-408F-A6B3-032E7F40DE89}.Release|Any CPU.Build.0 = Release|Any CPU
		{4C15D41C-2BA9-4FBD-B814-99B12D4F4F9D}.Debug|Any CPU.ActiveCfg = Debug|Any CPU
		{4C15D41C-2BA9-4FBD-B814-99B12D4F4F9D}.Debug|Any CPU.Build.0 = Debug|Any CPU
		{4C15D41C-2BA9-4FBD-B814-99B12D4F4F9D}.Release|Any CPU.ActiveCfg = Release|Any CPU
		{4C15D41C-2BA9-4FBD-B814-99B12D4F4F9D}.Release|Any CPU.Build.0 = Release|Any CPU
	EndGlobalSection
EndGlobal
